
Microsoft Visual Studio Solution File, Format Version 12.00
# Visual Studio Version 16
VisualStudioVersion = 16.0.34729.46
MinimumVisualStudioVersion = 10.0.40219.1
Project("{9A19103F-16F7-4668-BE54-9A1E7A4F7556}") = "Developer-Toolbox", "Developer-Toolbox.csproj", "{34ED9C86-5C7E-45E1-884E-A94EB80E76E1}"
EndProject
Project("{FAE04EC0-301F-11D3-BF4B-00C04F79EFBC}") = "Developer-ToolboxTests", "..\Developer-ToolboxTests\Developer-ToolboxTests.csproj", "{93C13999-915A-4BB1-93DC-6966B811423F}"
EndProject
Global
	GlobalSection(SolutionConfigurationPlatforms) = preSolution
		Debug|Any CPU = Debug|Any CPU
		Release|Any CPU = Release|Any CPU
	EndGlobalSection
	GlobalSection(ProjectConfigurationPlatforms) = postSolution
		{34ED9C86-5C7E-45E1-884E-A94EB80E76E1}.Debug|Any CPU.ActiveCfg = Debug|Any CPU
		{34ED9C86-5C7E-45E1-884E-A94EB80E76E1}.Debug|Any CPU.Build.0 = Debug|Any CPU
		{34ED9C86-5C7E-45E1-884E-A94EB80E76E1}.Release|Any CPU.ActiveCfg = Release|Any CPU
		{34ED9C86-5C7E-45E1-884E-A94EB80E76E1}.Release|Any CPU.Build.0 = Release|Any CPU
		{93C13999-915A-4BB1-93DC-6966B811423F}.Debug|Any CPU.ActiveCfg = Debug|Any CPU
		{93C13999-915A-4BB1-93DC-6966B811423F}.Debug|Any CPU.Build.0 = Debug|Any CPU
		{93C13999-915A-4BB1-93DC-6966B811423F}.Release|Any CPU.ActiveCfg = Release|Any CPU
		{93C13999-915A-4BB1-93DC-6966B811423F}.Release|Any CPU.Build.0 = Release|Any CPU
	EndGlobalSection
	GlobalSection(SolutionProperties) = preSolution
		HideSolutionNode = FALSE
	EndGlobalSection
	GlobalSection(ExtensibilityGlobals) = postSolution
		SolutionGuid = {C82D6B91-BD5B-4983-935B-FD638EF152AB}
	EndGlobalSection
EndGlobal
